# This file is automatically @generated by Cargo.
# It is not intended for manual editing.
version = 3

[[package]]
name = "paq1-lib-error-handler"
version = "0.1.0"
source = "git+https://github.com/paq1/paq1-lib-error-handler.git?branch=master#c481084c0e91951f591413c678c50c5d9169c77c"

[[package]]
name = "paq1-lib-storage"
version = "0.1.0"
dependencies = [
 "paq1-lib-error-handler",
]
